
Microsoft Visual Studio Solution File, Format Version 12.00
# Visual Studio Version 17
VisualStudioVersion = 17.0.31912.275
MinimumVisualStudioVersion = 10.0.40219.1
Project("{8BC9CEB8-8B4A-11D0-8D11-00A0C91BC942}") = "FirstC++Classintwofiles", "FirstC++Classintwofiles\FirstC++Classintwofiles.vcxproj", "{4843AD3A-0DA2-4053-A77A-666EB3630E93}"
EndProject
Global
	GlobalSection(SolutionConfigurationPlatforms) = preSolution
		Debug|x64 = Debug|x64
		Debug|x86 = Debug|x86
		Release|x64 = Release|x64
		Release|x86 = Release|x86
	EndGlobalSection
	GlobalSection(ProjectConfigurationPlatforms) = postSolution
		{4843AD3A-0DA2-4053-A77A-666EB3630E93}.Debug|x64.ActiveCfg = Debug|x64
		{4843AD3A-0DA2-4053-A77A-666EB3630E93}.Debug|x64.Build.0 = Debug|x64
		{4843AD3A-0DA2-4053-A77A-666EB3630E93}.Debug|x86.ActiveCfg = Debug|Win32
		{4843AD3A-0DA2-4053-A77A-666EB3630E93}.Debug|x86.Build.0 = Debug|Win32
		{4843AD3A-0DA2-4053-A77A-666EB3630E93}.Release|x64.ActiveCfg = Release|x64
		{4843AD3A-0DA2-4053-A77A-666EB3630E93}.Release|x64.Build.0 = Release|x64
		{4843AD3A-0DA2-4053-A77A-666EB3630E93}.Release|x86.ActiveCfg = Release|Win32
		{4843AD3A-0DA2-4053-A77A-666EB3630E93}.Release|x86.Build.0 = Release|Win32
	EndGlobalSection
	GlobalSection(SolutionProperties) = preSolution
		HideSolutionNode = FALSE
	EndGlobalSection
	GlobalSection(ExtensibilityGlobals) = postSolution
		SolutionGuid = {22A8FBA6-F932-4B79-9A68-7E6BD4B6CD52}
	EndGlobalSection
EndGlobal
