
Microsoft Visual Studio Solution File, Format Version 12.00
# Visual Studio Version 17
VisualStudioVersion = 17.0.31912.275
MinimumVisualStudioVersion = 10.0.40219.1
Project("{8BC9CEB8-8B4A-11D0-8D11-00A0C91BC942}") = "MyTailoredFunction", "MyTailoredFunction\MyTailoredFunction.vcxproj", "{9D7D2538-ABF2-4F5B-8046-4BDF6711AC47}"
EndProject
Global
	GlobalSection(SolutionConfigurationPlatforms) = preSolution
		Debug|x64 = Debug|x64
		Debug|x86 = Debug|x86
		Release|x64 = Release|x64
		Release|x86 = Release|x86
	EndGlobalSection
	GlobalSection(ProjectConfigurationPlatforms) = postSolution
		{9D7D2538-ABF2-4F5B-8046-4BDF6711AC47}.Debug|x64.ActiveCfg = Debug|x64
		{9D7D2538-ABF2-4F5B-8046-4BDF6711AC47}.Debug|x64.Build.0 = Debug|x64
		{9D7D2538-ABF2-4F5B-8046-4BDF6711AC47}.Debug|x86.ActiveCfg = Debug|Win32
		{9D7D2538-ABF2-4F5B-8046-4BDF6711AC47}.Debug|x86.Build.0 = Debug|Win32
		{9D7D2538-ABF2-4F5B-8046-4BDF6711AC47}.Release|x64.ActiveCfg = Release|x64
		{9D7D2538-ABF2-4F5B-8046-4BDF6711AC47}.Release|x64.Build.0 = Release|x64
		{9D7D2538-ABF2-4F5B-8046-4BDF6711AC47}.Release|x86.ActiveCfg = Release|Win32
		{9D7D2538-ABF2-4F5B-8046-4BDF6711AC47}.Release|x86.Build.0 = Release|Win32
	EndGlobalSection
	GlobalSection(SolutionProperties) = preSolution
		HideSolutionNode = FALSE
	EndGlobalSection
	GlobalSection(ExtensibilityGlobals) = postSolution
		SolutionGuid = {3D969AE6-A7AC-46D8-9681-60E332D6ED12}
	EndGlobalSection
EndGlobal
