
Microsoft Visual Studio Solution File, Format Version 12.00
# Visual Studio Version 17
VisualStudioVersion = 17.0.31912.275
MinimumVisualStudioVersion = 10.0.40219.1
Project("{8BC9CEB8-8B4A-11D0-8D11-00A0C91BC942}") = "SwappingByReferenceInFunctions", "SwappingByReferenceInFunctions\SwappingByReferenceInFunctions.vcxproj", "{58ADC08B-4C07-4BFE-99D3-40C95E9C5E5D}"
EndProject
Global
	GlobalSection(SolutionConfigurationPlatforms) = preSolution
		Debug|x64 = Debug|x64
		Debug|x86 = Debug|x86
		Release|x64 = Release|x64
		Release|x86 = Release|x86
	EndGlobalSection
	GlobalSection(ProjectConfigurationPlatforms) = postSolution
		{58ADC08B-4C07-4BFE-99D3-40C95E9C5E5D}.Debug|x64.ActiveCfg = Debug|x64
		{58ADC08B-4C07-4BFE-99D3-40C95E9C5E5D}.Debug|x64.Build.0 = Debug|x64
		{58ADC08B-4C07-4BFE-99D3-40C95E9C5E5D}.Debug|x86.ActiveCfg = Debug|Win32
		{58ADC08B-4C07-4BFE-99D3-40C95E9C5E5D}.Debug|x86.Build.0 = Debug|Win32
		{58ADC08B-4C07-4BFE-99D3-40C95E9C5E5D}.Release|x64.ActiveCfg = Release|x64
		{58ADC08B-4C07-4BFE-99D3-40C95E9C5E5D}.Release|x64.Build.0 = Release|x64
		{58ADC08B-4C07-4BFE-99D3-40C95E9C5E5D}.Release|x86.ActiveCfg = Release|Win32
		{58ADC08B-4C07-4BFE-99D3-40C95E9C5E5D}.Release|x86.Build.0 = Release|Win32
	EndGlobalSection
	GlobalSection(SolutionProperties) = preSolution
		HideSolutionNode = FALSE
	EndGlobalSection
	GlobalSection(ExtensibilityGlobals) = postSolution
		SolutionGuid = {D68D00D5-8E34-4412-A940-13399E70A605}
	EndGlobalSection
EndGlobal
